// !$*UTF8*$!
{
	archiveVersion = 1;
	classes = {
	};
	objectVersion = 77;
	objects = {

/* Begin PBXBuildFile section */
		10A3DD08C95E4498E9CA2268 /* PassportCrypto.cpp in Sources */ = {isa = PBXBuildFile; fileRef = 9D2CBFBB4C46FEB4456773A4 /* PassportCrypto.cpp */; };
		1BE6226635CDA1065558DD3B /* UniversalPassportReaderCore.cpp in Sources */ = {isa = PBXBuildFile; fileRef = 5D7E60B9AE62BA8161E53855 /* UniversalPassportReaderCore.cpp */; };
		31D289651890CE951B6A408B /* BenchmarkingTests.swift in Sources */ = {isa = PBXBuildFile; fileRef = D1591356B80634B01FE53CE4 /* BenchmarkingTests.swift */; };
		36E2BD48EC51E4F498F27021 /* ResultPresentationView.swift in Sources */ = {isa = PBXBuildFile; fileRef = 29D5BC284F51F319FB973ED4 /* ResultPresentationView.swift */; };
		381A68BCDB3B2C16D13B43F8 /* ASN1Parser.cpp in Sources */ = {isa = PBXBuildFile; fileRef = F04484FC5572F9695A87012C /* ASN1Parser.cpp */; };
		3CA6A44024AEFC36657983EC /* UniversalPassportReaderCore.h in Headers */ = {isa = PBXBuildFile; fileRef = 8E5B1A279081B8458BB4B388 /* UniversalPassportReaderCore.h */; settings = {ATTRIBUTES = (Public, ); }; };
		408E745FC195BC44FE87AD34 /* MRZParser.swift in Sources */ = {isa = PBXBuildFile; fileRef = 16963935538000A50CE5794F /* MRZParser.swift */; };
		44C2928F56E107107E13E852 /* PassportScannerView.swift in Sources */ = {isa = PBXBuildFile; fileRef = E40EA350D388B907B5359BB0 /* PassportScannerView.swift */; };
		4EF30171363DF39B22190148 /* CameraPreview.swift in Sources */ = {isa = PBXBuildFile; fileRef = B5A5175F40E190BFB1BB23CC /* CameraPreview.swift */; };
		5A8D671A0FAACC064E19EEE8 /* ShimmerEffect.swift in Sources */ = {isa = PBXBuildFile; fileRef = 20FD7DEA2C6CED48A27B7AF1 /* ShimmerEffect.swift */; };
		66B4A8116D9994D8325377F1 /* CryptoTests.swift in Sources */ = {isa = PBXBuildFile; fileRef = DC118F28E91568BA47CC8B9A /* CryptoTests.swift */; };
		6A92B8DE249F073DC69F6CC1 /* ASN1Parser.hpp in Headers */ = {isa = PBXBuildFile; fileRef = BA399F6B7C8D989C783CF384 /* ASN1Parser.hpp */; settings = {ATTRIBUTES = (Public, ); }; };
		7415F259B7DF8A15026B7CBA /* ScanningHUDView.swift in Sources */ = {isa = PBXBuildFile; fileRef = 0293A726E43B2C4D2BF5711F /* ScanningHUDView.swift */; };
		7947D8043D0B5F1750CDF9BA /* UniversalPassportReader.framework in Frameworks */ = {isa = PBXBuildFile; fileRef = 0F9AF149197DC88CE804BB85 /* UniversalPassportReader.framework */; };
		7AEE0D5758F8F7AA62CDB3C7 /* UniversalPassportReaderTests.swift in Sources */ = {isa = PBXBuildFile; fileRef = 7F06DA34197A5F1DC7F4013C /* UniversalPassportReaderTests.swift */; };
		9FAF7AEDBCE219F337682B56 /* PassportNFCReader.swift in Sources */ = {isa = PBXBuildFile; fileRef = 2E786F245367F2A82097A1DD /* PassportNFCReader.swift */; };
		B3E1B6F978D1764F74DC8034 /* PassportCrypto.swift in Sources */ = {isa = PBXBuildFile; fileRef = 23F8BA04A0BA0A17F93F9467 /* PassportCrypto.swift */; };
		D2B378FBE5DD9ED7FD5A074D /* UniversalPassportReader.framework in Embed Frameworks */ = {isa = PBXBuildFile; fileRef = 0F9AF149197DC88CE804BB85 /* UniversalPassportReader.framework */; settings = {ATTRIBUTES = (CodeSignOnCopy, RemoveHeadersOnCopy, ); }; };
		DD342EB840C7B84D80ECD429 /* ASN1Parser.swift in Sources */ = {isa = PBXBuildFile; fileRef = 267ED541453AF51A559FBA9C /* ASN1Parser.swift */; };
		DE01600777C0402E60730530 /* DocumentData.swift in Sources */ = {isa = PBXBuildFile; fileRef = 6D89F161D05DE086925AAD0F /* DocumentData.swift */; };
		E51B014E214AB9EB65EB2160 /* MRZParserTests.swift in Sources */ = {isa = PBXBuildFile; fileRef = 602DFDF99E8F6B1D14A62292 /* MRZParserTests.swift */; };
		E77ABD932E930DECA12549A7 /* PassportCrypto.hpp in Headers */ = {isa = PBXBuildFile; fileRef = 7704216BD3CE7D63C28EC467 /* PassportCrypto.hpp */; settings = {ATTRIBUTES = (Public, ); }; };
		F3C39CF41DCA4A963B374FDB /* UniversalPassportReader.h in Headers */ = {isa = PBXBuildFile; fileRef = 41DA85435C5E5718627598F2 /* UniversalPassportReader.h */; settings = {ATTRIBUTES = (Public, ); }; };
		F5B7BCE101546D7B668D40CF /* APDU.swift in Sources */ = {isa = PBXBuildFile; fileRef = A12665B0515B3F792A089018 /* APDU.swift */; };
		FE586414AEA7408257870AA5 /* MRZScanner.swift in Sources */ = {isa = PBXBuildFile; fileRef = 6E33DA33D89EBA7325764334 /* MRZScanner.swift */; };
/* End PBXBuildFile section */

/* Begin PBXContainerItemProxy section */
		74D4CC630F52F8EAE2861AC4 /* PBXContainerItemProxy */ = {
			isa = PBXContainerItemProxy;
			containerPortal = 536C5F5D990CDE19B2843B62 /* Project object */;
			proxyType = 1;
			remoteGlobalIDString = F526B4337106B59D84656F73;
			remoteInfo = UniversalPassportReader;
		};
/* End PBXContainerItemProxy section */

/* Begin PBXCopyFilesBuildPhase section */
		051CF11451CFF415BF29DBD6 /* Embed Frameworks */ = {
			isa = PBXCopyFilesBuildPhase;
			buildActionMask = 2147483647;
			dstPath = "";
			dstSubfolderSpec = 10;
			files = (
				D2B378FBE5DD9ED7FD5A074D /* UniversalPassportReader.framework in Embed Frameworks */,
			);
			name = "Embed Frameworks";
			runOnlyForDeploymentPostprocessing = 0;
		};
/* End PBXCopyFilesBuildPhase section */

/* Begin PBXFileReference section */
		0293A726E43B2C4D2BF5711F /* ScanningHUDView.swift */ = {isa = PBXFileReference; lastKnownFileType = sourcecode.swift; path = ScanningHUDView.swift; sourceTree = "<group>"; };
		0F9AF149197DC88CE804BB85 /* UniversalPassportReader.framework */ = {isa = PBXFileReference; explicitFileType = wrapper.framework; includeInIndex = 0; path = UniversalPassportReader.framework; sourceTree = BUILT_PRODUCTS_DIR; };
		16963935538000A50CE5794F /* MRZParser.swift */ = {isa = PBXFileReference; lastKnownFileType = sourcecode.swift; path = MRZParser.swift; sourceTree = "<group>"; };
		20FD7DEA2C6CED48A27B7AF1 /* ShimmerEffect.swift */ = {isa = PBXFileReference; lastKnownFileType = sourcecode.swift; path = ShimmerEffect.swift; sourceTree = "<group>"; };
		23F8BA04A0BA0A17F93F9467 /* PassportCrypto.swift */ = {isa = PBXFileReference; lastKnownFileType = sourcecode.swift; path = PassportCrypto.swift; sourceTree = "<group>"; };
		267ED541453AF51A559FBA9C /* ASN1Parser.swift */ = {isa = PBXFileReference; lastKnownFileType = sourcecode.swift; path = ASN1Parser.swift; sourceTree = "<group>"; };
		29D5BC284F51F319FB973ED4 /* ResultPresentationView.swift */ = {isa = PBXFileReference; lastKnownFileType = sourcecode.swift; path = ResultPresentationView.swift; sourceTree = "<group>"; };
		2E786F245367F2A82097A1DD /* PassportNFCReader.swift */ = {isa = PBXFileReference; lastKnownFileType = sourcecode.swift; path = PassportNFCReader.swift; sourceTree = "<group>"; };
		41DA85435C5E5718627598F2 /* UniversalPassportReader.h */ = {isa = PBXFileReference; lastKnownFileType = sourcecode.c.h; path = UniversalPassportReader.h; sourceTree = "<group>"; };
		59E61648DF6BC3C9AF0E758B /* UniversalPassportReaderTests.xctest */ = {isa = PBXFileReference; includeInIndex = 0; lastKnownFileType = wrapper.cfbundle; path = UniversalPassportReaderTests.xctest; sourceTree = BUILT_PRODUCTS_DIR; };
		5D7E60B9AE62BA8161E53855 /* UniversalPassportReaderCore.cpp */ = {isa = PBXFileReference; lastKnownFileType = sourcecode.cpp.cpp; path = UniversalPassportReaderCore.cpp; sourceTree = "<group>"; };
		602DFDF99E8F6B1D14A62292 /* MRZParserTests.swift */ = {isa = PBXFileReference; lastKnownFileType = sourcecode.swift; path = MRZParserTests.swift; sourceTree = "<group>"; };
		6D89F161D05DE086925AAD0F /* DocumentData.swift */ = {isa = PBXFileReference; lastKnownFileType = sourcecode.swift; path = DocumentData.swift; sourceTree = "<group>"; };
		6E33DA33D89EBA7325764334 /* MRZScanner.swift */ = {isa = PBXFileReference; lastKnownFileType = sourcecode.swift; path = MRZScanner.swift; sourceTree = "<group>"; };
		7704216BD3CE7D63C28EC467 /* PassportCrypto.hpp */ = {isa = PBXFileReference; lastKnownFileType = sourcecode.cpp.h; path = PassportCrypto.hpp; sourceTree = "<group>"; };
		7F06DA34197A5F1DC7F4013C /* UniversalPassportReaderTests.swift */ = {isa = PBXFileReference; lastKnownFileType = sourcecode.swift; path = UniversalPassportReaderTests.swift; sourceTree = "<group>"; };
		8E5B1A279081B8458BB4B388 /* UniversalPassportReaderCore.h */ = {isa = PBXFileReference; lastKnownFileType = sourcecode.c.h; path = UniversalPassportReaderCore.h; sourceTree = "<group>"; };
		9D2CBFBB4C46FEB4456773A4 /* PassportCrypto.cpp */ = {isa = PBXFileReference; lastKnownFileType = sourcecode.cpp.cpp; path = PassportCrypto.cpp; sourceTree = "<group>"; };
		A12665B0515B3F792A089018 /* APDU.swift */ = {isa = PBXFileReference; lastKnownFileType = sourcecode.swift; path = APDU.swift; sourceTree = "<group>"; };
		B5A5175F40E190BFB1BB23CC /* CameraPreview.swift */ = {isa = PBXFileReference; lastKnownFileType = sourcecode.swift; path = CameraPreview.swift; sourceTree = "<group>"; };
		BA399F6B7C8D989C783CF384 /* ASN1Parser.hpp */ = {isa = PBXFileReference; lastKnownFileType = sourcecode.cpp.h; path = ASN1Parser.hpp; sourceTree = "<group>"; };
		D1591356B80634B01FE53CE4 /* BenchmarkingTests.swift */ = {isa = PBXFileReference; lastKnownFileType = sourcecode.swift; path = BenchmarkingTests.swift; sourceTree = "<group>"; };
		DC118F28E91568BA47CC8B9A /* CryptoTests.swift */ = {isa = PBXFileReference; lastKnownFileType = sourcecode.swift; path = CryptoTests.swift; sourceTree = "<group>"; };
		E40EA350D388B907B5359BB0 /* PassportScannerView.swift */ = {isa = PBXFileReference; lastKnownFileType = sourcecode.swift; path = PassportScannerView.swift; sourceTree = "<group>"; };
		F04484FC5572F9695A87012C /* ASN1Parser.cpp */ = {isa = PBXFileReference; lastKnownFileType = sourcecode.cpp.cpp; path = ASN1Parser.cpp; sourceTree = "<group>"; };
/* End PBXFileReference section */

/* Begin PBXFrameworksBuildPhase section */
		73EF5C65A1875FA05EC40855 /* Frameworks */ = {
			isa = PBXFrameworksBuildPhase;
			buildActionMask = 2147483647;
			files = (
				7947D8043D0B5F1750CDF9BA /* UniversalPassportReader.framework in Frameworks */,
			);
			runOnlyForDeploymentPostprocessing = 0;
		};
/* End PBXFrameworksBuildPhase section */

/* Begin PBXGroup section */
		0697311B130A6DA96C2E3897 /* Products */ = {
			isa = PBXGroup;
			children = (
				0F9AF149197DC88CE804BB85 /* UniversalPassportReader.framework */,
				59E61648DF6BC3C9AF0E758B /* UniversalPassportReaderTests.xctest */,
			);
			name = Products;
			sourceTree = "<group>";
		};
		075A8EC1180FD613E3016D07 /* UniversalPassportReader */ = {
			isa = PBXGroup;
			children = (
				41DA85435C5E5718627598F2 /* UniversalPassportReader.h */,
				5D7E60B9AE62BA8161E53855 /* UniversalPassportReaderCore.cpp */,
				8E5B1A279081B8458BB4B388 /* UniversalPassportReaderCore.h */,
				8740EA28673B5B546AB3B22A /* Crypto */,
				7973E2903DC0A60E5F565DEA /* Models */,
				95A6EC2B8B71E58F480630E7 /* MRZ */,
				81C25A74EAF16124627347DA /* NFC */,
				516782615B9D718C357E0756 /* UI */,
			);
			name = UniversalPassportReader;
			path = Sources/UniversalPassportReader;
			sourceTree = "<group>";
		};
		43764460DB169491B18FEB94 /* UniversalPassportReaderTests */ = {
			isa = PBXGroup;
			children = (
				D1591356B80634B01FE53CE4 /* BenchmarkingTests.swift */,
				DC118F28E91568BA47CC8B9A /* CryptoTests.swift */,
				602DFDF99E8F6B1D14A62292 /* MRZParserTests.swift */,
				7F06DA34197A5F1DC7F4013C /* UniversalPassportReaderTests.swift */,
			);
			name = UniversalPassportReaderTests;
			path = Tests/UniversalPassportReaderTests;
			sourceTree = "<group>";
		};
		516782615B9D718C357E0756 /* UI */ = {
			isa = PBXGroup;
			children = (
				B5A5175F40E190BFB1BB23CC /* CameraPreview.swift */,
				E40EA350D388B907B5359BB0 /* PassportScannerView.swift */,
				29D5BC284F51F319FB973ED4 /* ResultPresentationView.swift */,
				0293A726E43B2C4D2BF5711F /* ScanningHUDView.swift */,
				20FD7DEA2C6CED48A27B7AF1 /* ShimmerEffect.swift */,
			);
			path = UI;
			sourceTree = "<group>";
		};
		5F7DB531CE34DA999EC8547B = {
			isa = PBXGroup;
			children = (
				075A8EC1180FD613E3016D07 /* UniversalPassportReader */,
				43764460DB169491B18FEB94 /* UniversalPassportReaderTests */,
				0697311B130A6DA96C2E3897 /* Products */,
			);
			sourceTree = "<group>";
		};
		7973E2903DC0A60E5F565DEA /* Models */ = {
			isa = PBXGroup;
			children = (
				6D89F161D05DE086925AAD0F /* DocumentData.swift */,
			);
			path = Models;
			sourceTree = "<group>";
		};
		81C25A74EAF16124627347DA /* NFC */ = {
			isa = PBXGroup;
			children = (
				A12665B0515B3F792A089018 /* APDU.swift */,
				F04484FC5572F9695A87012C /* ASN1Parser.cpp */,
				BA399F6B7C8D989C783CF384 /* ASN1Parser.hpp */,
				267ED541453AF51A559FBA9C /* ASN1Parser.swift */,
				2E786F245367F2A82097A1DD /* PassportNFCReader.swift */,
			);
			path = NFC;
			sourceTree = "<group>";
		};
		8740EA28673B5B546AB3B22A /* Crypto */ = {
			isa = PBXGroup;
			children = (
				9D2CBFBB4C46FEB4456773A4 /* PassportCrypto.cpp */,
				7704216BD3CE7D63C28EC467 /* PassportCrypto.hpp */,
				23F8BA04A0BA0A17F93F9467 /* PassportCrypto.swift */,
			);
			path = Crypto;
			sourceTree = "<group>";
		};
		95A6EC2B8B71E58F480630E7 /* MRZ */ = {
			isa = PBXGroup;
			children = (
				16963935538000A50CE5794F /* MRZParser.swift */,
				6E33DA33D89EBA7325764334 /* MRZScanner.swift */,
			);
			path = MRZ;
			sourceTree = "<group>";
		};
/* End PBXGroup section */

/* Begin PBXHeadersBuildPhase section */
		8C5978572ED1423C15132F64 /* Headers */ = {
			isa = PBXHeadersBuildPhase;
			buildActionMask = 2147483647;
			files = (
				6A92B8DE249F073DC69F6CC1 /* ASN1Parser.hpp in Headers */,
				E77ABD932E930DECA12549A7 /* PassportCrypto.hpp in Headers */,
				F3C39CF41DCA4A963B374FDB /* UniversalPassportReader.h in Headers */,
				3CA6A44024AEFC36657983EC /* UniversalPassportReaderCore.h in Headers */,
			);
			runOnlyForDeploymentPostprocessing = 0;
		};
/* End PBXHeadersBuildPhase section */

/* Begin PBXNativeTarget section */
		0A8D416FD151A83A8D029CC8 /* UniversalPassportReaderTests */ = {
			isa = PBXNativeTarget;
			buildConfigurationList = A0166A94DB9DFE2A1353492E /* Build configuration list for PBXNativeTarget "UniversalPassportReaderTests" */;
			buildPhases = (
				C025CD21C2CB870187EE8C02 /* Sources */,
				73EF5C65A1875FA05EC40855 /* Frameworks */,
				051CF11451CFF415BF29DBD6 /* Embed Frameworks */,
			);
			buildRules = (
			);
			dependencies = (
				1E346968CBF9CAF29808CC4D /* PBXTargetDependency */,
			);
			name = UniversalPassportReaderTests;
			packageProductDependencies = (
			);
			productName = UniversalPassportReaderTests;
			productReference = 59E61648DF6BC3C9AF0E758B /* UniversalPassportReaderTests.xctest */;
			productType = "com.apple.product-type.bundle.unit-test";
		};
		F526B4337106B59D84656F73 /* UniversalPassportReader */ = {
			isa = PBXNativeTarget;
			buildConfigurationList = 4891C748EDE3D5626D74A7E8 /* Build configuration list for PBXNativeTarget "UniversalPassportReader" */;
			buildPhases = (
				8C5978572ED1423C15132F64 /* Headers */,
				ECD5DC10FBBFFA4CDC9ACE0F /* Sources */,
			);
			buildRules = (
			);
			dependencies = (
			);
			name = UniversalPassportReader;
			packageProductDependencies = (
			);
			productName = UniversalPassportReader;
			productReference = 0F9AF149197DC88CE804BB85 /* UniversalPassportReader.framework */;
			productType = "com.apple.product-type.framework";
		};
/* End PBXNativeTarget section */

/* Begin PBXProject section */
		536C5F5D990CDE19B2843B62 /* Project object */ = {
			isa = PBXProject;
			attributes = {
				BuildIndependentTargetsInParallel = YES;
				LastUpgradeCheck = 1430;
				TargetAttributes = {
				};
			};
			buildConfigurationList = 552323665F2A4ADE0BE81B39 /* Build configuration list for PBXProject "UniversalPassportReader" */;
			developmentRegion = en;
			hasScannedForEncodings = 0;
			knownRegions = (
				Base,
				en,
			);
			mainGroup = 5F7DB531CE34DA999EC8547B;
			minimizedProjectReferenceProxies = 1;
			preferredProjectObjectVersion = 77;
			productRefGroup = 0697311B130A6DA96C2E3897 /* Products */;
			projectDirPath = "";
			projectRoot = "";
			targets = (
				F526B4337106B59D84656F73 /* UniversalPassportReader */,
				0A8D416FD151A83A8D029CC8 /* UniversalPassportReaderTests */,
			);
		};
/* End PBXProject section */

/* Begin PBXSourcesBuildPhase section */
		C025CD21C2CB870187EE8C02 /* Sources */ = {
			isa = PBXSourcesBuildPhase;
			buildActionMask = 2147483647;
			files = (
				31D289651890CE951B6A408B /* BenchmarkingTests.swift in Sources */,
				66B4A8116D9994D8325377F1 /* CryptoTests.swift in Sources */,
				E51B014E214AB9EB65EB2160 /* MRZParserTests.swift in Sources */,
				7AEE0D5758F8F7AA62CDB3C7 /* UniversalPassportReaderTests.swift in Sources */,
			);
			runOnlyForDeploymentPostprocessing = 0;
		};
		ECD5DC10FBBFFA4CDC9ACE0F /* Sources */ = {
			isa = PBXSourcesBuildPhase;
			buildActionMask = 2147483647;
			files = (
				F5B7BCE101546D7B668D40CF /* APDU.swift in Sources */,
				381A68BCDB3B2C16D13B43F8 /* ASN1Parser.cpp in Sources */,
				DD342EB840C7B84D80ECD429 /* ASN1Parser.swift in Sources */,
				4EF30171363DF39B22190148 /* CameraPreview.swift in Sources */,
				DE01600777C0402E60730530 /* DocumentData.swift in Sources */,
				408E745FC195BC44FE87AD34 /* MRZParser.swift in Sources */,
				FE586414AEA7408257870AA5 /* MRZScanner.swift in Sources */,
				10A3DD08C95E4498E9CA2268 /* PassportCrypto.cpp in Sources */,
				B3E1B6F978D1764F74DC8034 /* PassportCrypto.swift in Sources */,
				9FAF7AEDBCE219F337682B56 /* PassportNFCReader.swift in Sources */,
				44C2928F56E107107E13E852 /* PassportScannerView.swift in Sources */,
				36E2BD48EC51E4F498F27021 /* ResultPresentationView.swift in Sources */,
				7415F259B7DF8A15026B7CBA /* ScanningHUDView.swift in Sources */,
				5A8D671A0FAACC064E19EEE8 /* ShimmerEffect.swift in Sources */,
				1BE6226635CDA1065558DD3B /* UniversalPassportReaderCore.cpp in Sources */,
			);
			runOnlyForDeploymentPostprocessing = 0;
		};
/* End PBXSourcesBuildPhase section */

/* Begin PBXTargetDependency section */
		1E346968CBF9CAF29808CC4D /* PBXTargetDependency */ = {
			isa = PBXTargetDependency;
			target = F526B4337106B59D84656F73 /* UniversalPassportReader */;
			targetProxy = 74D4CC630F52F8EAE2861AC4 /* PBXContainerItemProxy */;
		};
/* End PBXTargetDependency section */

/* Begin XCBuildConfiguration section */
		23B5A317FDFE93DFD7F98446 /* Release */ = {
			isa = XCBuildConfiguration;
			buildSettings = {
				ALWAYS_SEARCH_USER_PATHS = NO;
				CLANG_ANALYZER_NONNULL = YES;
				CLANG_ANALYZER_NUMBER_OBJECT_CONVERSION = YES_AGGRESSIVE;
				CLANG_CXX_LANGUAGE_STANDARD = "gnu++14";
				CLANG_CXX_LIBRARY = "libc++";
				CLANG_ENABLE_MODULES = YES;
				CLANG_ENABLE_OBJC_ARC = YES;
				CLANG_ENABLE_OBJC_WEAK = YES;
				CLANG_WARN_BLOCK_CAPTURE_AUTORELEASING = YES;
				CLANG_WARN_BOOL_CONVERSION = YES;
				CLANG_WARN_COMMA = YES;
				CLANG_WARN_CONSTANT_CONVERSION = YES;
				CLANG_WARN_DEPRECATED_OBJC_IMPLEMENTATIONS = YES;
				CLANG_WARN_DIRECT_OBJC_ISA_USAGE = YES_ERROR;
				CLANG_WARN_DOCUMENTATION_COMMENTS = YES;
				CLANG_WARN_EMPTY_BODY = YES;
				CLANG_WARN_ENUM_CONVERSION = YES;
				CLANG_WARN_INFINITE_RECURSION = YES;
				CLANG_WARN_INT_CONVERSION = YES;
				CLANG_WARN_NON_LITERAL_NULL_CONVERSION = YES;
				CLANG_WARN_OBJC_IMPLICIT_RETAIN_SELF = YES;
				CLANG_WARN_OBJC_LITERAL_CONVERSION = YES;
				CLANG_WARN_OBJC_ROOT_CLASS = YES_ERROR;
				CLANG_WARN_QUOTED_INCLUDE_IN_FRAMEWORK_HEADER = YES;
				CLANG_WARN_RANGE_LOOP_ANALYSIS = YES;
				CLANG_WARN_STRICT_PROTOTYPES = YES;
				CLANG_WARN_SUSPICIOUS_MOVE = YES;
				CLANG_WARN_UNGUARDED_AVAILABILITY = YES_AGGRESSIVE;
				CLANG_WARN_UNREACHABLE_CODE = YES;
				CLANG_WARN__DUPLICATE_METHOD_MATCH = YES;
				COPY_PHASE_STRIP = NO;
				DEBUG_INFORMATION_FORMAT = "dwarf-with-dsym";
				ENABLE_NS_ASSERTIONS = NO;
				ENABLE_STRICT_OBJC_MSGSEND = YES;
				GCC_C_LANGUAGE_STANDARD = gnu11;
				GCC_NO_COMMON_BLOCKS = YES;
				GCC_WARN_64_TO_32_BIT_CONVERSION = YES;
				GCC_WARN_ABOUT_RETURN_TYPE = YES_ERROR;
				GCC_WARN_UNDECLARED_SELECTOR = YES;
				GCC_WARN_UNINITIALIZED_AUTOS = YES_AGGRESSIVE;
				GCC_WARN_UNUSED_FUNCTION = YES;
				GCC_WARN_UNUSED_VARIABLE = YES;
				MTL_ENABLE_DEBUG_INFO = NO;
				MTL_FAST_MATH = YES;
				PRODUCT_NAME = "$(TARGET_NAME)";
				SDKROOT = iphoneos;
				SWIFT_COMPILATION_MODE = wholemodule;
				SWIFT_OPTIMIZATION_LEVEL = "-O";
				SWIFT_VERSION = 5.0;
			};
			name = Release;
		};
		84CD02EB1653BA9397C47629 /* Debug */ = {
			isa = XCBuildConfiguration;
			buildSettings = {
				BUNDLE_LOADER = "$(TEST_HOST)";
				GENERATE_INFOPLIST_FILE = YES;
				IPHONEOS_DEPLOYMENT_TARGET = 15.0;
				LD_RUNPATH_SEARCH_PATHS = (
					"$(inherited)",
					"@executable_path/Frameworks",
					"@loader_path/Frameworks",
				);
				PRODUCT_BUNDLE_IDENTIFIER = com.universalpassportreader.UniversalPassportReaderTests;
				SDKROOT = iphoneos;
				SWIFT_VERSION = 5.0;
				TARGETED_DEVICE_FAMILY = "1,2";
			};
			name = Debug;
		};
		8EB7344CA00CF93E43A9B97C /* Debug */ = {
			isa = XCBuildConfiguration;
			buildSettings = {
				BUILD_LIBRARY_FOR_DISTRIBUTION = YES;
				CLANG_ENABLE_MODULES = YES;
				CODE_SIGN_IDENTITY = "";
				CURRENT_PROJECT_VERSION = 1;
				DEFINES_MODULE = YES;
				DYLIB_COMPATIBILITY_VERSION = 1;
				DYLIB_CURRENT_VERSION = 1;
				DYLIB_INSTALL_NAME_BASE = "@rpath";
				GENERATE_INFOPLIST_FILE = YES;
				INSTALL_PATH = "$(LOCAL_LIBRARY_DIR)/Frameworks";
				IPHONEOS_DEPLOYMENT_TARGET = 15.0;
				LD_RUNPATH_SEARCH_PATHS = (
					"$(inherited)",
					"@executable_path/Frameworks",
				);
				PRODUCT_BUNDLE_IDENTIFIER = com.universalpassportreader.UniversalPassportReader;
				SDKROOT = iphoneos;
				SKIP_INSTALL = YES;
				SWIFT_VERSION = 5.0;
				TARGETED_DEVICE_FAMILY = "1,2";
				VERSIONING_SYSTEM = "apple-generic";
			};
			name = Debug;
		};
		9BB45A6461BA3CD1B4D8A756 /* Release */ = {
			isa = XCBuildConfiguration;
			buildSettings = {
				BUILD_LIBRARY_FOR_DISTRIBUTION = YES;
				CLANG_ENABLE_MODULES = YES;
				CODE_SIGN_IDENTITY = "";
				CURRENT_PROJECT_VERSION = 1;
				DEFINES_MODULE = YES;
				DYLIB_COMPATIBILITY_VERSION = 1;
				DYLIB_CURRENT_VERSION = 1;
				DYLIB_INSTALL_NAME_BASE = "@rpath";
				GENERATE_INFOPLIST_FILE = YES;
				INSTALL_PATH = "$(LOCAL_LIBRARY_DIR)/Frameworks";
				IPHONEOS_DEPLOYMENT_TARGET = 15.0;
				LD_RUNPATH_SEARCH_PATHS = (
					"$(inherited)",
					"@executable_path/Frameworks",
				);
				PRODUCT_BUNDLE_IDENTIFIER = com.universalpassportreader.UniversalPassportReader;
				SDKROOT = iphoneos;
				SKIP_INSTALL = YES;
				SWIFT_VERSION = 5.0;
				TARGETED_DEVICE_FAMILY = "1,2";
				VERSIONING_SYSTEM = "apple-generic";
			};
			name = Release;
		};
		CF1D815583C33A7246CB964C /* Release */ = {
			isa = XCBuildConfiguration;
			buildSettings = {
				BUNDLE_LOADER = "$(TEST_HOST)";
				GENERATE_INFOPLIST_FILE = YES;
				IPHONEOS_DEPLOYMENT_TARGET = 15.0;
				LD_RUNPATH_SEARCH_PATHS = (
					"$(inherited)",
					"@executable_path/Frameworks",
					"@loader_path/Frameworks",
				);
				PRODUCT_BUNDLE_IDENTIFIER = com.universalpassportreader.UniversalPassportReaderTests;
				SDKROOT = iphoneos;
				SWIFT_VERSION = 5.0;
				TARGETED_DEVICE_FAMILY = "1,2";
			};
			name = Release;
		};
		CF94824C4C4B229108A93502 /* Debug */ = {
			isa = XCBuildConfiguration;
			buildSettings = {
				ALWAYS_SEARCH_USER_PATHS = NO;
				CLANG_ANALYZER_NONNULL = YES;
				CLANG_ANALYZER_NUMBER_OBJECT_CONVERSION = YES_AGGRESSIVE;
				CLANG_CXX_LANGUAGE_STANDARD = "gnu++14";
				CLANG_CXX_LIBRARY = "libc++";
				CLANG_ENABLE_MODULES = YES;
				CLANG_ENABLE_OBJC_ARC = YES;
				CLANG_ENABLE_OBJC_WEAK = YES;
				CLANG_WARN_BLOCK_CAPTURE_AUTORELEASING = YES;
				CLANG_WARN_BOOL_CONVERSION = YES;
				CLANG_WARN_COMMA = YES;
				CLANG_WARN_CONSTANT_CONVERSION = YES;
				CLANG_WARN_DEPRECATED_OBJC_IMPLEMENTATIONS = YES;
				CLANG_WARN_DIRECT_OBJC_ISA_USAGE = YES_ERROR;
				CLANG_WARN_DOCUMENTATION_COMMENTS = YES;
				CLANG_WARN_EMPTY_BODY = YES;
				CLANG_WARN_ENUM_CONVERSION = YES;
				CLANG_WARN_INFINITE_RECURSION = YES;
				CLANG_WARN_INT_CONVERSION = YES;
				CLANG_WARN_NON_LITERAL_NULL_CONVERSION = YES;
				CLANG_WARN_OBJC_IMPLICIT_RETAIN_SELF = YES;
				CLANG_WARN_OBJC_LITERAL_CONVERSION = YES;
				CLANG_WARN_OBJC_ROOT_CLASS = YES_ERROR;
				CLANG_WARN_QUOTED_INCLUDE_IN_FRAMEWORK_HEADER = YES;
				CLANG_WARN_RANGE_LOOP_ANALYSIS = YES;
				CLANG_WARN_STRICT_PROTOTYPES = YES;
				CLANG_WARN_SUSPICIOUS_MOVE = YES;
				CLANG_WARN_UNGUARDED_AVAILABILITY = YES_AGGRESSIVE;
				CLANG_WARN_UNREACHABLE_CODE = YES;
				CLANG_WARN__DUPLICATE_METHOD_MATCH = YES;
				COPY_PHASE_STRIP = NO;
				DEBUG_INFORMATION_FORMAT = dwarf;
				ENABLE_STRICT_OBJC_MSGSEND = YES;
				ENABLE_TESTABILITY = YES;
				GCC_C_LANGUAGE_STANDARD = gnu11;
				GCC_DYNAMIC_NO_PIC = NO;
				GCC_NO_COMMON_BLOCKS = YES;
				GCC_OPTIMIZATION_LEVEL = 0;
				GCC_PREPROCESSOR_DEFINITIONS = (
					"$(inherited)",
					"DEBUG=1",
				);
				GCC_WARN_64_TO_32_BIT_CONVERSION = YES;
				GCC_WARN_ABOUT_RETURN_TYPE = YES_ERROR;
				GCC_WARN_UNDECLARED_SELECTOR = YES;
				GCC_WARN_UNINITIALIZED_AUTOS = YES_AGGRESSIVE;
				GCC_WARN_UNUSED_FUNCTION = YES;
				GCC_WARN_UNUSED_VARIABLE = YES;
				MTL_ENABLE_DEBUG_INFO = INCLUDE_SOURCE;
				MTL_FAST_MATH = YES;
				ONLY_ACTIVE_ARCH = YES;
				PRODUCT_NAME = "$(TARGET_NAME)";
				SDKROOT = iphoneos;
				SWIFT_ACTIVE_COMPILATION_CONDITIONS = DEBUG;
				SWIFT_OPTIMIZATION_LEVEL = "-Onone";
				SWIFT_VERSION = 5.0;
			};
			name = Debug;
		};
/* End XCBuildConfiguration section */

/* Begin XCConfigurationList section */
		4891C748EDE3D5626D74A7E8 /* Build configuration list for PBXNativeTarget "UniversalPassportReader" */ = {
			isa = XCConfigurationList;
			buildConfigurations = (
				8EB7344CA00CF93E43A9B97C /* Debug */,
				9BB45A6461BA3CD1B4D8A756 /* Release */,
			);
			defaultConfigurationIsVisible = 0;
			defaultConfigurationName = Debug;
		};
		552323665F2A4ADE0BE81B39 /* Build configuration list for PBXProject "UniversalPassportReader" */ = {
			isa = XCConfigurationList;
			buildConfigurations = (
				CF94824C4C4B229108A93502 /* Debug */,
				23B5A317FDFE93DFD7F98446 /* Release */,
			);
			defaultConfigurationIsVisible = 0;
			defaultConfigurationName = Debug;
		};
		A0166A94DB9DFE2A1353492E /* Build configuration list for PBXNativeTarget "UniversalPassportReaderTests" */ = {
			isa = XCConfigurationList;
			buildConfigurations = (
				84CD02EB1653BA9397C47629 /* Debug */,
				CF1D815583C33A7246CB964C /* Release */,
			);
			defaultConfigurationIsVisible = 0;
			defaultConfigurationName = Debug;
		};
/* End XCConfigurationList section */
	};
	rootObject = 536C5F5D990CDE19B2843B62 /* Project object */;
}
